
Microsoft Visual Studio Solution File, Format Version 12.00
# Visual Studio Version 16
VisualStudioVersion = 16.0.31613.86
MinimumVisualStudioVersion = 10.0.40219.1
Project("{FAE04EC0-301F-11D3-BF4B-00C04F79EFBC}") = "NavesStarWars", "NavesStarWars\NavesStarWars.csproj", "{4F2ABE50-1CB6-4572-B202-301D62A437DD}"
EndProject
Global
	GlobalSection(SolutionConfigurationPlatforms) = preSolution
		Debug|Any CPU = Debug|Any CPU
		Release|Any CPU = Release|Any CPU
	EndGlobalSection
	GlobalSection(ProjectConfigurationPlatforms) = postSolution
		{4F2ABE50-1CB6-4572-B202-301D62A437DD}.Debug|Any CPU.ActiveCfg = Debug|Any CPU
		{4F2ABE50-1CB6-4572-B202-301D62A437DD}.Debug|Any CPU.Build.0 = Debug|Any CPU
		{4F2ABE50-1CB6-4572-B202-301D62A437DD}.Release|Any CPU.ActiveCfg = Release|Any CPU
		{4F2ABE50-1CB6-4572-B202-301D62A437DD}.Release|Any CPU.Build.0 = Release|Any CPU
	EndGlobalSection
	GlobalSection(SolutionProperties) = preSolution
		HideSolutionNode = FALSE
	EndGlobalSection
	GlobalSection(ExtensibilityGlobals) = postSolution
		SolutionGuid = {340012A2-9961-4DDD-A9FF-DCA14134BC6E}
	EndGlobalSection
EndGlobal
